
Microsoft Visual Studio Solution File, Format Version 12.00
# Visual Studio Version 17
VisualStudioVersion = 17.8.34525.116
MinimumVisualStudioVersion = 10.0.40219.1
Project("{FAE04EC0-301F-11D3-BF4B-00C04F79EFBC}") = "ParsWebBrowse", "ParsWebBrowse\ParsWebBrowse.csproj", "{C8279007-2F57-4E0A-BB7A-AB52F1B5DCB8}"
EndProject
Global
	GlobalSection(SolutionConfigurationPlatforms) = preSolution
		Debug|Any CPU = Debug|Any CPU
		Release|Any CPU = Release|Any CPU
	EndGlobalSection
	GlobalSection(ProjectConfigurationPlatforms) = postSolution
		{C8279007-2F57-4E0A-BB7A-AB52F1B5DCB8}.Debug|Any CPU.ActiveCfg = Debug|Any CPU
		{C8279007-2F57-4E0A-BB7A-AB52F1B5DCB8}.Debug|Any CPU.Build.0 = Debug|Any CPU
		{C8279007-2F57-4E0A-BB7A-AB52F1B5DCB8}.Release|Any CPU.ActiveCfg = Release|Any CPU
		{C8279007-2F57-4E0A-BB7A-AB52F1B5DCB8}.Release|Any CPU.Build.0 = Release|Any CPU
	EndGlobalSection
	GlobalSection(SolutionProperties) = preSolution
		HideSolutionNode = FALSE
	EndGlobalSection
	GlobalSection(ExtensibilityGlobals) = postSolution
		SolutionGuid = {6181356A-538E-4BEA-B4CE-A2525775F05C}
	EndGlobalSection
EndGlobal
